
Microsoft Visual Studio Solution File, Format Version 12.00
# Visual Studio Version 17
VisualStudioVersion = 17.7.34018.315
MinimumVisualStudioVersion = 10.0.40219.1
Project("{FAE04EC0-301F-11D3-BF4B-00C04F79EFBC}") = "Books.API", "Books.API\Books.API.csproj", "{BBE0716B-1F6C-495D-9F63-30179EB15289}"
EndProject
Project("{FAE04EC0-301F-11D3-BF4B-00C04F79EFBC}") = "Books.Domain", "Books.Domain\Books.Domain.csproj", "{E586F334-95EA-41D5-B732-B5D61C55CA96}"
EndProject
Project("{FAE04EC0-301F-11D3-BF4B-00C04F79EFBC}") = "Books.Application", "Books.Application\Books.Application.csproj", "{F35283B2-3750-4932-8384-5093DDA14E41}"
EndProject
Project("{FAE04EC0-301F-11D3-BF4B-00C04F79EFBC}") = "Books.Infra.Data", "Books.Infra.Data\Books.Infra.Data.csproj", "{C833EB86-C713-4799-96CF-C6480EBDD899}"
EndProject
Project("{FAE04EC0-301F-11D3-BF4B-00C04F79EFBC}") = "Books.Infra.IoC", "Books.Infra.IoC\Books.Infra.IoC.csproj", "{CCCD7DC0-8ACF-4E25-B2C9-815EFE9C010F}"
EndProject
Global
	GlobalSection(SolutionConfigurationPlatforms) = preSolution
		Debug|Any CPU = Debug|Any CPU
		Release|Any CPU = Release|Any CPU
	EndGlobalSection
	GlobalSection(ProjectConfigurationPlatforms) = postSolution
		{BBE0716B-1F6C-495D-9F63-30179EB15289}.Debug|Any CPU.ActiveCfg = Debug|Any CPU
		{BBE0716B-1F6C-495D-9F63-30179EB15289}.Debug|Any CPU.Build.0 = Debug|Any CPU
		{BBE0716B-1F6C-495D-9F63-30179EB15289}.Release|Any CPU.ActiveCfg = Release|Any CPU
		{BBE0716B-1F6C-495D-9F63-30179EB15289}.Release|Any CPU.Build.0 = Release|Any CPU
		{E586F334-95EA-41D5-B732-B5D61C55CA96}.Debug|Any CPU.ActiveCfg = Debug|Any CPU
		{E586F334-95EA-41D5-B732-B5D61C55CA96}.Debug|Any CPU.Build.0 = Debug|Any CPU
		{E586F334-95EA-41D5-B732-B5D61C55CA96}.Release|Any CPU.ActiveCfg = Release|Any CPU
		{E586F334-95EA-41D5-B732-B5D61C55CA96}.Release|Any CPU.Build.0 = Release|Any CPU
		{F35283B2-3750-4932-8384-5093DDA14E41}.Debug|Any CPU.ActiveCfg = Debug|Any CPU
		{F35283B2-3750-4932-8384-5093DDA14E41}.Debug|Any CPU.Build.0 = Debug|Any CPU
		{F35283B2-3750-4932-8384-5093DDA14E41}.Release|Any CPU.ActiveCfg = Release|Any CPU
		{F35283B2-3750-4932-8384-5093DDA14E41}.Release|Any CPU.Build.0 = Release|Any CPU
		{C833EB86-C713-4799-96CF-C6480EBDD899}.Debug|Any CPU.ActiveCfg = Debug|Any CPU
		{C833EB86-C713-4799-96CF-C6480EBDD899}.Debug|Any CPU.Build.0 = Debug|Any CPU
		{C833EB86-C713-4799-96CF-C6480EBDD899}.Release|Any CPU.ActiveCfg = Release|Any CPU
		{C833EB86-C713-4799-96CF-C6480EBDD899}.Release|Any CPU.Build.0 = Release|Any CPU
		{CCCD7DC0-8ACF-4E25-B2C9-815EFE9C010F}.Debug|Any CPU.ActiveCfg = Debug|Any CPU
		{CCCD7DC0-8ACF-4E25-B2C9-815EFE9C010F}.Debug|Any CPU.Build.0 = Debug|Any CPU
		{CCCD7DC0-8ACF-4E25-B2C9-815EFE9C010F}.Release|Any CPU.ActiveCfg = Release|Any CPU
		{CCCD7DC0-8ACF-4E25-B2C9-815EFE9C010F}.Release|Any CPU.Build.0 = Release|Any CPU
	EndGlobalSection
	GlobalSection(SolutionProperties) = preSolution
		HideSolutionNode = FALSE
	EndGlobalSection
	GlobalSection(ExtensibilityGlobals) = postSolution
		SolutionGuid = {02DD7479-5C25-4377-AD03-84EDB5AD3034}
	EndGlobalSection
EndGlobal
